%{
  "acceptor_pool": {:hex, :acceptor_pool, "1.0.0", "43c20d2acae35f0c2bcd64f9d2bde267e459f0f3fd23dab26485bf518c281b21", [:rebar3], [], "hexpm", "0cbcd83fdc8b9ad2eee2067ef8b91a14858a5883cb7cd800e6fcd5803e158788"},
  "benchee": {:hex, :benchee, "1.1.0", "f3a43817209a92a1fade36ef36b86e1052627fd8934a8b937ac9ab3a76c43062", [:mix], [{:deep_merge, "~> 1.0", [hex: :deep_merge, repo: "hexpm", optional: false]}, {:statistex, "~> 1.0", [hex: :statistex, repo: "hexpm", optional: false]}], "hexpm", "7da57d545003165a012b587077f6ba90b89210fd88074ce3c60ce239eb5e6d93"},
  "bertex": {:hex, :bertex, "1.3.0", "0ad0df9159b5110d9d2b6654f72fbf42a54884ef43b6b651e6224c0af30ba3cb", [:mix], [], "hexpm", "0a5d5e478bb5764b7b7bae37cae1ca491200e58b089df121a2fe1c223d8ee57a"},
  "bunt": {:hex, :bunt, "1.0.0", "081c2c665f086849e6d57900292b3a161727ab40431219529f13c4ddcf3e7a44", [:mix], [], "hexpm", "dc5f86aa08a5f6fa6b8096f0735c4e76d54ae5c9fa2c143e5a1fc7c1cd9bb6b5"},
  "cachex": {:hex, :cachex, "4.0.3", "95e88c3ef4d37990948eaecccefe40b4ce4a778e0d7ade29081e6b7a89309ee2", [:mix], [{:eternal, "~> 1.2", [hex: :eternal, repo: "hexpm", optional: false]}, {:ex_hash_ring, "~> 6.0", [hex: :ex_hash_ring, repo: "hexpm", optional: false]}, {:jumper, "~> 1.0", [hex: :jumper, repo: "hexpm", optional: false]}, {:sleeplocks, "~> 1.1", [hex: :sleeplocks, repo: "hexpm", optional: false]}, {:unsafe, "~> 1.0", [hex: :unsafe, repo: "hexpm", optional: false]}], "hexpm", "d5d632da7f162f8a190f1c39b712c0ebc9cf0007c4e2029d44eddc8041b52d55"},
  "castore": {:hex, :castore, "1.0.11", "4bbd584741601eb658007339ea730b082cc61f3554cf2e8f39bf693a11b49073", [:mix], [], "hexpm", "e03990b4db988df56262852f20de0f659871c35154691427a5047f4967a16a62"},
  "chatterbox": {:hex, :ts_chatterbox, "0.15.1", "5cac4d15dd7ad61fc3c4415ce4826fc563d4643dee897a558ec4ea0b1c835c9c", [:rebar3], [{:hpack, "~> 0.3.0", [hex: :hpack_erl, repo: "hexpm", optional: false]}], "hexpm", "4f75b91451338bc0da5f52f3480fa6ef6e3a2aeecfc33686d6b3d0a0948f31aa"},
  "corsica": {:hex, :corsica, "2.1.3", "dccd094ffce38178acead9ae743180cdaffa388f35f0461ba1e8151d32e190e6", [:mix], [{:plug, "~> 1.0", [hex: :plug, repo: "hexpm", optional: false]}, {:telemetry, "~> 0.4.0 or ~> 1.0", [hex: :telemetry, repo: "hexpm", optional: false]}], "hexpm", "616c08f61a345780c2cf662ff226816f04d8868e12054e68963e95285b5be8bc"},
  "cowboy": {:hex, :cowboy, "2.13.0", "09d770dd5f6a22cc60c071f432cd7cb87776164527f205c5a6b0f24ff6b38990", [:make, :rebar3], [{:cowlib, ">= 2.14.0 and < 3.0.0", [hex: :cowlib, repo: "hexpm", optional: false]}, {:ranch, ">= 1.8.0 and < 3.0.0", [hex: :ranch, repo: "hexpm", optional: false]}], "hexpm", "e724d3a70995025d654c1992c7b11dbfea95205c047d86ff9bf1cda92ddc5614"},
  "cowboy_telemetry": {:hex, :cowboy_telemetry, "0.4.0", "f239f68b588efa7707abce16a84d0d2acf3a0f50571f8bb7f56a15865aae820c", [:rebar3], [{:cowboy, "~> 2.7", [hex: :cowboy, repo: "hexpm", optional: false]}, {:telemetry, "~> 1.0", [hex: :telemetry, repo: "hexpm", optional: false]}], "hexpm", "7d98bac1ee4565d31b62d59f8823dfd8356a169e7fcbb83831b8a5397404c9de"},
  "cowlib": {:hex, :cowlib, "2.15.0", "3c97a318a933962d1c12b96ab7c1d728267d2c523c25a5b57b0f93392b6e9e25", [:make, :rebar3], [], "hexpm", "4f00c879a64b4fe7c8fcb42a4281925e9ffdb928820b03c3ad325a617e857532"},
  "credo": {:hex, :credo, "1.7.11", "d3e805f7ddf6c9c854fd36f089649d7cf6ba74c42bc3795d587814e3c9847102", [:mix], [{:bunt, "~> 0.2.1 or ~> 1.0", [hex: :bunt, repo: "hexpm", optional: false]}, {:file_system, "~> 0.2 or ~> 1.0", [hex: :file_system, repo: "hexpm", optional: false]}, {:jason, "~> 1.0", [hex: :jason, repo: "hexpm", optional: false]}], "hexpm", "56826b4306843253a66e47ae45e98e7d284ee1f95d53d1612bb483f88a8cf219"},
  "ctx": {:hex, :ctx, "0.6.0", "8ff88b70e6400c4df90142e7f130625b82086077a45364a78d208ed3ed53c7fe", [:rebar3], [], "hexpm", "a14ed2d1b67723dbebbe423b28d7615eb0bdcba6ff28f2d1f1b0a7e1d4aa5fc2"},
  "db_connection": {:hex, :db_connection, "2.8.0", "64fd82cfa6d8e25ec6660cea73e92a4cbc6a18b31343910427b702838c4b33b2", [:mix], [{:telemetry, "~> 0.4 or ~> 1.0", [hex: :telemetry, repo: "hexpm", optional: false]}], "hexpm", "008399dae5eee1bf5caa6e86d204dcb44242c82b1ed5e22c881f2c34da201b15"},
  "decimal": {:hex, :decimal, "2.3.0", "3ad6255aa77b4a3c4f818171b12d237500e63525c2fd056699967a3e7ea20f62", [:mix], [], "hexpm", "a4d66355cb29cb47c3cf30e71329e58361cfcb37c34235ef3bf1d7bf3773aeac"},
  "deep_merge": {:hex, :deep_merge, "1.0.0", "b4aa1a0d1acac393bdf38b2291af38cb1d4a52806cf7a4906f718e1feb5ee961", [:mix], [], "hexpm", "ce708e5f094b9cd4e8f2be4f00d2f4250c4095be93f8cd6d018c753894885430"},
  "dialyxir": {:hex, :dialyxir, "1.4.5", "ca1571ac18e0f88d4ab245f0b60fa31ff1b12cbae2b11bd25d207f865e8ae78a", [:mix], [{:erlex, ">= 0.2.7", [hex: :erlex, repo: "hexpm", optional: false]}], "hexpm", "b0fb08bb8107c750db5c0b324fa2df5ceaa0f9307690ee3c1f6ba5b9eb5d35c3"},
  "ecto": {:hex, :ecto, "3.13.2", "7d0c0863f3fc8d71d17fc3ad3b9424beae13f02712ad84191a826c7169484f01", [:mix], [{:decimal, "~> 2.0", [hex: :decimal, repo: "hexpm", optional: false]}, {:jason, "~> 1.0", [hex: :jason, repo: "hexpm", optional: true]}, {:telemetry, "~> 0.4 or ~> 1.0", [hex: :telemetry, repo: "hexpm", optional: false]}], "hexpm", "669d9291370513ff56e7b7e7081b7af3283d02e046cf3d403053c557894a0b3e"},
  "ecto_psql_extras": {:hex, :ecto_psql_extras, "0.8.8", "aa02529c97f69aed5722899f5dc6360128735a92dd169f23c5d50b1f7fdede08", [:mix], [{:ecto_sql, "~> 3.7", [hex: :ecto_sql, repo: "hexpm", optional: false]}, {:postgrex, "> 0.16.0", [hex: :postgrex, repo: "hexpm", optional: false]}, {:table_rex, "~> 3.1.1 or ~> 4.0", [hex: :table_rex, repo: "hexpm", optional: false]}], "hexpm", "04c63d92b141723ad6fed2e60a4b461ca00b3594d16df47bbc48f1f4534f2c49"},
  "ecto_sql": {:hex, :ecto_sql, "3.13.2", "a07d2461d84107b3d037097c822ffdd36ed69d1cf7c0f70e12a3d1decf04e2e1", [:mix], [{:db_connection, "~> 2.4.1 or ~> 2.5", [hex: :db_connection, repo: "hexpm", optional: false]}, {:ecto, "~> 3.13.0", [hex: :ecto, repo: "hexpm", optional: false]}, {:myxql, "~> 0.7", [hex: :myxql, repo: "hexpm", optional: true]}, {:postgrex, "~> 0.19 or ~> 1.0", [hex: :postgrex, repo: "hexpm", optional: true]}, {:tds, "~> 2.1.1 or ~> 2.2", [hex: :tds, repo: "hexpm", optional: true]}, {:telemetry, "~> 0.4.0 or ~> 1.0", [hex: :telemetry, repo: "hexpm", optional: false]}], "hexpm", "539274ab0ecf1a0078a6a72ef3465629e4d6018a3028095dc90f60a19c371717"},
  "erlex": {:hex, :erlex, "0.2.7", "810e8725f96ab74d17aac676e748627a07bc87eb950d2b83acd29dc047a30595", [:mix], [], "hexpm", "3ed95f79d1a844c3f6bf0cea61e0d5612a42ce56da9c03f01df538685365efb0"},
  "esbuild": {:hex, :esbuild, "0.8.2", "5f379dfa383ef482b738e7771daf238b2d1cfb0222bef9d3b20d4c8f06c7a7ac", [:mix], [{:castore, ">= 0.0.0", [hex: :castore, repo: "hexpm", optional: false]}, {:jason, "~> 1.4", [hex: :jason, repo: "hexpm", optional: false]}], "hexpm", "558a8a08ed78eb820efbfda1de196569d8bfa9b51e8371a1934fbb31345feda7"},
  "eternal": {:hex, :eternal, "1.2.2", "d1641c86368de99375b98d183042dd6c2b234262b8d08dfd72b9eeaafc2a1abd", [:mix], [], "hexpm", "2c9fe32b9c3726703ba5e1d43a1d255a4f3f2d8f8f9bc19f094c7cb1a7a9e782"},
  "ex_hash_ring": {:hex, :ex_hash_ring, "6.0.4", "bef9d2d796afbbe25ab5b5a7ed746e06b99c76604f558113c273466d52fa6d6b", [:mix], [], "hexpm", "89adabf31f7d3dfaa36802ce598ce918e9b5b33bae8909ac1a4d052e1e567d18"},
  "ex_json_schema": {:hex, :ex_json_schema, "0.10.2", "7c4b8c1481fdeb1741e2ce66223976edfb9bccebc8014f6aec35d4efe964fb71", [:mix], [{:decimal, "~> 2.0", [hex: :decimal, repo: "hexpm", optional: false]}], "hexpm", "37f43be60f8407659d4d0155a7e45e7f406dab1f827051d3d35858a709baf6a6"},
  "excoveralls": {:hex, :excoveralls, "0.18.3", "bca47a24d69a3179951f51f1db6d3ed63bca9017f476fe520eb78602d45f7756", [:mix], [{:castore, "~> 1.0", [hex: :castore, repo: "hexpm", optional: true]}, {:jason, "~> 1.0", [hex: :jason, repo: "hexpm", optional: false]}], "hexpm", "746f404fcd09d5029f1b211739afb8fb8575d775b21f6a3908e7ce3e640724c6"},
  "expo": {:hex, :expo, "1.1.0", "f7b9ed7fb5745ebe1eeedf3d6f29226c5dd52897ac67c0f8af62a07e661e5c75", [:mix], [], "hexpm", "fbadf93f4700fb44c331362177bdca9eeb8097e8b0ef525c9cc501cb9917c960"},
  "file_system": {:hex, :file_system, "1.1.0", "08d232062284546c6c34426997dd7ef6ec9f8bbd090eb91780283c9016840e8f", [:mix], [], "hexpm", "bfcf81244f416871f2a2e15c1b515287faa5db9c6bcf290222206d120b3d43f6"},
  "finch": {:hex, :finch, "0.19.0", "c644641491ea854fc5c1bbaef36bfc764e3f08e7185e1f084e35e0672241b76d", [:mix], [{:mime, "~> 1.0 or ~> 2.0", [hex: :mime, repo: "hexpm", optional: false]}, {:mint, "~> 1.6.2 or ~> 1.7", [hex: :mint, repo: "hexpm", optional: false]}, {:nimble_options, "~> 0.4 or ~> 1.0", [hex: :nimble_options, repo: "hexpm", optional: false]}, {:nimble_pool, "~> 1.1", [hex: :nimble_pool, repo: "hexpm", optional: false]}, {:telemetry, "~> 0.4 or ~> 1.0", [hex: :telemetry, repo: "hexpm", optional: false]}], "hexpm", "fc5324ce209125d1e2fa0fcd2634601c52a787aff1cd33ee833664a5af4ea2b6"},
  "floki": {:hex, :floki, "0.37.0", "b83e0280bbc6372f2a403b2848013650b16640cd2470aea6701f0632223d719e", [:mix], [], "hexpm", "516a0c15a69f78c47dc8e0b9b3724b29608aa6619379f91b1ffa47109b5d0dd3"},
  "gen_rpc": {:git, "https://github.com/supabase/gen_rpc.git", "901aada9adb307ff89a8be197a5d384e69dd57d6", [ref: "901aada9adb307ff89a8be197a5d384e69dd57d6"]},
  "gettext": {:hex, :gettext, "0.26.2", "5978aa7b21fada6deabf1f6341ddba50bc69c999e812211903b169799208f2a8", [:mix], [{:expo, "~> 0.5.1 or ~> 1.0", [hex: :expo, repo: "hexpm", optional: false]}], "hexpm", "aa978504bcf76511efdc22d580ba08e2279caab1066b76bb9aa81c4a1e0a32a5"},
  "gproc": {:hex, :gproc, "0.9.1", "f1df0364423539cf0b80e8201c8b1839e229e5f9b3ccb944c5834626998f5b8c", [:rebar3], [], "hexpm", "905088e32e72127ed9466f0bac0d8e65704ca5e73ee5a62cb073c3117916d507"},
  "grpcbox": {:hex, :grpcbox, "0.17.1", "6e040ab3ef16fe699ffb513b0ef8e2e896da7b18931a1ef817143037c454bcce", [:rebar3], [{:acceptor_pool, "~> 1.0.0", [hex: :acceptor_pool, repo: "hexpm", optional: false]}, {:chatterbox, "~> 0.15.1", [hex: :ts_chatterbox, repo: "hexpm", optional: false]}, {:ctx, "~> 0.6.0", [hex: :ctx, repo: "hexpm", optional: false]}, {:gproc, "~> 0.9.1", [hex: :gproc, repo: "hexpm", optional: false]}], "hexpm", "4a3b5d7111daabc569dc9cbd9b202a3237d81c80bf97212fbc676832cb0ceb17"},
  "ham": {:hex, :ham, "0.3.0", "7cd031b4a55fba219c11553e7b13ba73bd86eab4034518445eff1e038cb9a44d", [:mix], [], "hexpm", "7d6c6b73d7a6a83233876cc1b06a4d9b5de05562b228effda4532f9a49852bf6"},
  "hpack": {:hex, :hpack_erl, "0.3.0", "2461899cc4ab6a0ef8e970c1661c5fc6a52d3c25580bc6dd204f84ce94669926", [:rebar3], [], "hexpm", "d6137d7079169d8c485c6962dfe261af5b9ef60fbc557344511c1e65e3d95fb0"},
  "hpax": {:hex, :hpax, "1.0.2", "762df951b0c399ff67cc57c3995ec3cf46d696e41f0bba17da0518d94acd4aac", [:mix], [], "hexpm", "2f09b4c1074e0abd846747329eaa26d535be0eb3d189fa69d812bfb8bfefd32f"},
  "jason": {:hex, :jason, "1.4.4", "b9226785a9aa77b6857ca22832cffa5d5011a667207eb2a0ad56adb5db443b8a", [:mix], [{:decimal, "~> 1.0 or ~> 2.0", [hex: :decimal, repo: "hexpm", optional: true]}], "hexpm", "c5eb0cab91f094599f94d55bc63409236a8ec69a21a67814529e8d5f6cc90b3b"},
  "joken": {:hex, :joken, "2.5.0", "09be497d804b8115eb6f07615cef2e60c2a1008fb89dc0aef0d4c4b4609b99aa", [:mix], [{:jose, "~> 1.11.2", [hex: :jose, repo: "hexpm", optional: false]}], "hexpm", "22b25c89617c5ed8ca7b31026340a25ea0f9ca7160f9706b79be9ed81fdf74e7"},
  "jose": {:hex, :jose, "1.11.10", "a903f5227417bd2a08c8a00a0cbcc458118be84480955e8d251297a425723f83", [:mix, :rebar3], [], "hexpm", "0d6cd36ff8ba174db29148fc112b5842186b68a90ce9fc2b3ec3afe76593e614"},
  "jumper": {:hex, :jumper, "1.0.2", "68cdcd84472a00ac596b4e6459a41b3062d4427cbd4f1e8c8793c5b54f1406a7", [:mix], [], "hexpm", "9b7782409021e01ab3c08270e26f36eb62976a38c1aa64b2eaf6348422f165e1"},
  "libcluster": {:hex, :libcluster, "3.5.0", "5ee4cfde4bdf32b2fef271e33ce3241e89509f4344f6c6a8d4069937484866ba", [:mix], [{:jason, "~> 1.1", [hex: :jason, repo: "hexpm", optional: false]}, {:telemetry, "~> 1.3", [hex: :telemetry, repo: "hexpm", optional: false]}], "hexpm", "ebf6561fcedd765a4cd43b4b8c04b1c87f4177b5fb3cbdfe40a780499d72f743"},
  "libcluster_postgres": {:hex, :libcluster_postgres, "0.2.0", "14a5064b78f891c46935a66489454814d949a52b447fc1daff5d4a440e6f5847", [:mix], [{:libcluster, "~> 3.3", [hex: :libcluster, repo: "hexpm", optional: false]}, {:postgrex, ">= 0.0.0", [hex: :postgrex, repo: "hexpm", optional: false]}], "hexpm", "ab2e952371c5a0a0fcb263216c7eae2a2267977b3bb3236650daed3054a93edd"},
  "logflare_api_client": {:hex, :logflare_api_client, "0.3.5", "c427ebf65a8402d68b056d4a5ef3e1eb3b90c0ad1d0de97d1fe23807e0c1b113", [:mix], [{:bertex, "~> 1.3", [hex: :bertex, repo: "hexpm", optional: false]}, {:finch, "~> 0.10", [hex: :finch, repo: "hexpm", optional: false]}, {:jason, ">= 1.0.0", [hex: :jason, repo: "hexpm", optional: false]}, {:tesla, "~> 1.0", [hex: :tesla, repo: "hexpm", optional: false]}], "hexpm", "16d29abcb80c4f72745cdf943379da02a201504813c3aa12b4d4acb0302b7723"},
  "logflare_etso": {:hex, :logflare_etso, "1.1.2", "040bd3e482aaf0ed20080743b7562242ec5079fd88a6f9c8ce5d8298818292e9", [:mix], [{:ecto, "~> 3.8", [hex: :ecto, repo: "hexpm", optional: false]}], "hexpm", "ab96be42900730a49b132891f43a9be1d52e4ad3ee9ed9cb92565c5f87345117"},
  "logflare_logger_backend": {:hex, :logflare_logger_backend, "0.11.4", "3a5df94e764b7c8ee4bd7b875a480a34a27807128d8459aa59ea63b2b38bddc7", [:mix], [{:bertex, "~> 1.3", [hex: :bertex, repo: "hexpm", optional: false]}, {:logflare_api_client, "~> 0.3.5", [hex: :logflare_api_client, repo: "hexpm", optional: false]}, {:logflare_etso, "~> 1.1.2", [hex: :logflare_etso, repo: "hexpm", optional: false]}, {:typed_struct, "~> 0.3.0", [hex: :typed_struct, repo: "hexpm", optional: false]}], "hexpm", "00998d81b3c481ad93d2bf25e66d1ddb1a01ad77d994e2c1a7638c6da94755c5"},
  "mime": {:hex, :mime, "2.0.6", "8f18486773d9b15f95f4f4f1e39b710045fa1de891fada4516559967276e4dc2", [:mix], [], "hexpm", "c9945363a6b26d747389aac3643f8e0e09d30499a138ad64fe8fd1d13d9b153e"},
  "mimic": {:hex, :mimic, "1.12.0", "34c9d1fb8e756df09ca5f96861d273f2bb01063df1a6a51a4c101f9ad7f07a9c", [:mix], [{:ham, "~> 0.2", [hex: :ham, repo: "hexpm", optional: false]}], "hexpm", "eaa43d495d6f3bc8099b28886e05a1b09a2a6be083f6385c3abc17599e5e2c43"},
  "mint": {:hex, :mint, "1.6.2", "af6d97a4051eee4f05b5500671d47c3a67dac7386045d87a904126fd4bbcea2e", [:mix], [{:castore, "~> 0.1.0 or ~> 1.0", [hex: :castore, repo: "hexpm", optional: true]}, {:hpax, "~> 0.1.1 or ~> 0.2.0 or ~> 1.0", [hex: :hpax, repo: "hexpm", optional: false]}], "hexpm", "5ee441dffc1892f1ae59127f74afe8fd82fda6587794278d924e4d90ea3d63f9"},
  "mint_web_socket": {:hex, :mint_web_socket, "1.0.4", "0b539116dbb3d3f861cdf5e15e269a933cb501c113a14db7001a3157d96ffafd", [:mix], [{:mint, ">= 1.4.1 and < 2.0.0-0", [hex: :mint, repo: "hexpm", optional: false]}], "hexpm", "027d4c5529c45a4ba0ce27a01c0f35f284a5468519c045ca15f43decb360a991"},
  "mix_audit": {:hex, :mix_audit, "2.1.4", "0a23d5b07350cdd69001c13882a4f5fb9f90fbd4cbf2ebc190a2ee0d187ea3e9", [:make, :mix], [{:jason, "~> 1.4", [hex: :jason, repo: "hexpm", optional: false]}, {:yaml_elixir, "~> 2.11", [hex: :yaml_elixir, repo: "hexpm", optional: false]}], "hexpm", "fd807653cc8c1cada2911129c7eb9e985e3cc76ebf26f4dd628bb25bbcaa7099"},
  "mix_test_watch": {:hex, :mix_test_watch, "1.3.0", "2ffc9f72b0d1f4ecf0ce97b044e0e3c607c3b4dc21d6228365e8bc7c2856dc77", [:mix], [{:file_system, "~> 0.2 or ~> 1.0", [hex: :file_system, repo: "hexpm", optional: false]}], "hexpm", "f9e5edca976857ffac78632e635750d158df14ee2d6185a15013844af7570ffe"},
  "nimble_options": {:hex, :nimble_options, "1.1.1", "e3a492d54d85fc3fd7c5baf411d9d2852922f66e69476317787a7b2bb000a61b", [:mix], [], "hexpm", "821b2470ca9442c4b6984882fe9bb0389371b8ddec4d45a9504f00a66f650b44"},
  "nimble_pool": {:hex, :nimble_pool, "1.1.0", "bf9c29fbdcba3564a8b800d1eeb5a3c58f36e1e11d7b7fb2e084a643f645f06b", [:mix], [], "hexpm", "af2e4e6b34197db81f7aad230c1118eac993acc0dae6bc83bac0126d4ae0813a"},
  "observer_cli": {:hex, :observer_cli, "1.8.1", "edfe0c0f983631961599326f239f6e99750aba7387515002b1284dcfe7fcd6d2", [:mix, :rebar3], [{:recon, "~> 2.5.6", [hex: :recon, repo: "hexpm", optional: false]}], "hexpm", "a3cd6300dd8290ade93d688fbd79c872e393b01256309dd7a653feb13c434fb4"},
  "octo_fetch": {:hex, :octo_fetch, "0.4.0", "074b5ecbc08be10b05b27e9db08bc20a3060142769436242702931c418695b19", [:mix], [{:castore, "~> 0.1 or ~> 1.0", [hex: :castore, repo: "hexpm", optional: false]}, {:ssl_verify_fun, "~> 1.1", [hex: :ssl_verify_fun, repo: "hexpm", optional: false]}], "hexpm", "cf8be6f40cd519d7000bb4e84adcf661c32e59369ca2827c4e20042eda7a7fc6"},
  "open_api_spex": {:hex, :open_api_spex, "3.21.2", "6a704f3777761feeb5657340250d6d7332c545755116ca98f33d4b875777e1e5", [:mix], [{:decimal, "~> 1.0 or ~> 2.0", [hex: :decimal, repo: "hexpm", optional: true]}, {:jason, "~> 1.0", [hex: :jason, repo: "hexpm", optional: true]}, {:plug, "~> 1.7", [hex: :plug, repo: "hexpm", optional: false]}, {:poison, "~> 3.0 or ~> 4.0 or ~> 5.0 or ~> 6.0", [hex: :poison, repo: "hexpm", optional: true]}, {:ymlr, "~> 2.0 or ~> 3.0 or ~> 4.0 or ~> 5.0", [hex: :ymlr, repo: "hexpm", optional: true]}], "hexpm", "f42ae6ed668b895ebba3e02773cfb4b41050df26f803f2ef634c72a7687dc387"},
  "opentelemetry": {:hex, :opentelemetry, "1.5.0", "7dda6551edfc3050ea4b0b40c0d2570423d6372b97e9c60793263ef62c53c3c2", [:rebar3], [{:opentelemetry_api, "~> 1.4", [hex: :opentelemetry_api, repo: "hexpm", optional: false]}], "hexpm", "cdf4f51d17b592fc592b9a75f86a6f808c23044ba7cf7b9534debbcc5c23b0ee"},
  "opentelemetry_api": {:hex, :opentelemetry_api, "1.4.0", "63ca1742f92f00059298f478048dfb826f4b20d49534493d6919a0db39b6db04", [:mix, :rebar3], [], "hexpm", "3dfbbfaa2c2ed3121c5c483162836c4f9027def469c41578af5ef32589fcfc58"},
  "opentelemetry_cowboy": {:hex, :opentelemetry_cowboy, "1.0.0", "786c7cde66a2493323c79d2c94e679ff501d459a9b403d8b60b9bef116333117", [:rebar3], [{:cowboy_telemetry, "~> 0.4", [hex: :cowboy_telemetry, repo: "hexpm", optional: false]}, {:opentelemetry_api, "~> 1.4", [hex: :opentelemetry_api, repo: "hexpm", optional: false]}, {:opentelemetry_semantic_conventions, "~> 1.27", [hex: :opentelemetry_semantic_conventions, repo: "hexpm", optional: false]}, {:opentelemetry_telemetry, "~> 1.1", [hex: :opentelemetry_telemetry, repo: "hexpm", optional: false]}, {:otel_http, "~> 0.2", [hex: :otel_http, repo: "hexpm", optional: false]}, {:telemetry, "~> 1.1", [hex: :telemetry, repo: "hexpm", optional: false]}], "hexpm", "7575716eaccacd0eddc3e7e61403aecb5d0a6397183987d6049094aeb0b87a7c"},
  "opentelemetry_ecto": {:hex, :opentelemetry_ecto, "1.2.0", "2382cb47ddc231f953d3b8263ed029d87fbf217915a1da82f49159d122b64865", [:mix], [{:opentelemetry_api, "~> 1.0", [hex: :opentelemetry_api, repo: "hexpm", optional: false]}, {:opentelemetry_process_propagator, "~> 0.2", [hex: :opentelemetry_process_propagator, repo: "hexpm", optional: false]}, {:telemetry, "~> 0.4 or ~> 1.0", [hex: :telemetry, repo: "hexpm", optional: false]}], "hexpm", "70dfa2e79932e86f209df00e36c980b17a32f82d175f0068bf7ef9a96cf080cf"},
  "opentelemetry_exporter": {:hex, :opentelemetry_exporter, "1.8.0", "5d546123230771ef4174e37bedfd77e3374913304cd6ea3ca82a2add49cd5d56", [:rebar3], [{:grpcbox, ">= 0.0.0", [hex: :grpcbox, repo: "hexpm", optional: false]}, {:opentelemetry, "~> 1.5.0", [hex: :opentelemetry, repo: "hexpm", optional: false]}, {:opentelemetry_api, "~> 1.4.0", [hex: :opentelemetry_api, repo: "hexpm", optional: false]}, {:tls_certificate_check, "~> 1.18", [hex: :tls_certificate_check, repo: "hexpm", optional: false]}], "hexpm", "a1f9f271f8d3b02b81462a6bfef7075fd8457fdb06adff5d2537df5e2264d9af"},
  "opentelemetry_phoenix": {:hex, :opentelemetry_phoenix, "2.0.1", "c664cdef205738cffcd409b33599439a4ffb2035ef6e21a77927ac1da90463cb", [:mix], [{:nimble_options, "~> 1.0", [hex: :nimble_options, repo: "hexpm", optional: false]}, {:opentelemetry_api, "~> 1.4", [hex: :opentelemetry_api, repo: "hexpm", optional: false]}, {:opentelemetry_process_propagator, "~> 0.3", [hex: :opentelemetry_process_propagator, repo: "hexpm", optional: false]}, {:opentelemetry_semantic_conventions, "~> 1.27", [hex: :opentelemetry_semantic_conventions, repo: "hexpm", optional: false]}, {:opentelemetry_telemetry, "~> 1.1", [hex: :opentelemetry_telemetry, repo: "hexpm", optional: false]}, {:otel_http, "~> 0.2", [hex: :otel_http, repo: "hexpm", optional: false]}, {:plug, ">= 1.11.0", [hex: :plug, repo: "hexpm", optional: false]}, {:telemetry, "~> 1.0", [hex: :telemetry, repo: "hexpm", optional: false]}], "hexpm", "a24fdccdfa6b890c8892c6366beab4a15a27ec0c692b0f77ec2a862e7b235f6e"},
  "opentelemetry_process_propagator": {:hex, :opentelemetry_process_propagator, "0.3.0", "ef5b2059403a1e2b2d2c65914e6962e56371570b8c3ab5323d7a8d3444fb7f84", [:mix, :rebar3], [{:opentelemetry_api, "~> 1.0", [hex: :opentelemetry_api, repo: "hexpm", optional: false]}], "hexpm", "7243cb6de1523c473cba5b1aefa3f85e1ff8cc75d08f367104c1e11919c8c029"},
  "opentelemetry_semantic_conventions": {:hex, :opentelemetry_semantic_conventions, "1.27.0", "acd0194a94a1e57d63da982ee9f4a9f88834ae0b31b0bd850815fe9be4bbb45f", [:mix, :rebar3], [], "hexpm", "9681ccaa24fd3d810b4461581717661fd85ff7019b082c2dff89c7d5b1fc2864"},
  "opentelemetry_telemetry": {:hex, :opentelemetry_telemetry, "1.1.2", "410ab4d76b0921f42dbccbe5a7c831b8125282850be649ee1f70050d3961118a", [:mix, :rebar3], [{:opentelemetry_api, "~> 1.3", [hex: :opentelemetry_api, repo: "hexpm", optional: false]}, {:telemetry, "~> 1.1", [hex: :telemetry, repo: "hexpm", optional: false]}], "hexpm", "641ab469deb181957ac6d59bce6e1321d5fe2a56df444fc9c19afcad623ab253"},
  "otel_http": {:hex, :otel_http, "0.2.0", "b17385986c7f1b862f5d577f72614ecaa29de40392b7618869999326b9a61d8a", [:rebar3], [], "hexpm", "f2beadf922c8cfeb0965488dd736c95cc6ea8b9efce89466b3904d317d7cc717"},
  "phoenix": {:git, "https://github.com/supabase/phoenix.git", "7b884cc0cc1a49ad2bc272acda2e622b3e11c139", [branch: "feat/presence-custom-dispatcher-1.7.19"]},
  "phoenix_ecto": {:hex, :phoenix_ecto, "4.4.3", "86e9878f833829c3f66da03d75254c155d91d72a201eb56ae83482328dc7ca93", [:mix], [{:ecto, "~> 3.5", [hex: :ecto, repo: "hexpm", optional: false]}, {:phoenix_html, "~> 2.14.2 or ~> 3.0 or ~> 4.0", [hex: :phoenix_html, repo: "hexpm", optional: true]}, {:plug, "~> 1.9", [hex: :plug, repo: "hexpm", optional: false]}], "hexpm", "d36c401206f3011fefd63d04e8ef626ec8791975d9d107f9a0817d426f61ac07"},
  "phoenix_html": {:hex, :phoenix_html, "3.3.4", "42a09fc443bbc1da37e372a5c8e6755d046f22b9b11343bf885067357da21cb3", [:mix], [{:plug, "~> 1.5", [hex: :plug, repo: "hexpm", optional: true]}], "hexpm", "0249d3abec3714aff3415e7ee3d9786cb325be3151e6c4b3021502c585bf53fb"},
  "phoenix_live_dashboard": {:hex, :phoenix_live_dashboard, "0.8.6", "7b1f0327f54c9eb69845fd09a77accf922f488c549a7e7b8618775eb603a62c7", [:mix], [{:ecto, "~> 3.6.2 or ~> 3.7", [hex: :ecto, repo: "hexpm", optional: true]}, {:ecto_mysql_extras, "~> 0.5", [hex: :ecto_mysql_extras, repo: "hexpm", optional: true]}, {:ecto_psql_extras, "~> 0.7", [hex: :ecto_psql_extras, repo: "hexpm", optional: true]}, {:ecto_sqlite3_extras, "~> 1.1.7 or ~> 1.2.0", [hex: :ecto_sqlite3_extras, repo: "hexpm", optional: true]}, {:mime, "~> 1.6 or ~> 2.0", [hex: :mime, repo: "hexpm", optional: false]}, {:phoenix_live_view, "~> 0.19 or ~> 1.0", [hex: :phoenix_live_view, repo: "hexpm", optional: false]}, {:telemetry_metrics, "~> 0.6 or ~> 1.0", [hex: :telemetry_metrics, repo: "hexpm", optional: false]}], "hexpm", "1681ab813ec26ca6915beb3414aa138f298e17721dc6a2bde9e6eb8a62360ff6"},
  "phoenix_live_reload": {:hex, :phoenix_live_reload, "1.5.3", "f2161c207fda0e4fb55165f650f7f8db23f02b29e3bff00ff7ef161d6ac1f09d", [:mix], [{:file_system, "~> 0.3 or ~> 1.0", [hex: :file_system, repo: "hexpm", optional: false]}, {:phoenix, "~> 1.4", [hex: :phoenix, repo: "hexpm", optional: false]}], "hexpm", "b4ec9cd73cb01ff1bd1cac92e045d13e7030330b74164297d1aee3907b54803c"},
  "phoenix_live_view": {:hex, :phoenix_live_view, "0.20.17", "f396bbdaf4ba227b82251eb75ac0afa6b3da5e509bc0d030206374237dfc9450", [:mix], [{:floki, "~> 0.36", [hex: :floki, repo: "hexpm", optional: true]}, {:jason, "~> 1.0", [hex: :jason, repo: "hexpm", optional: true]}, {:phoenix, "~> 1.6.15 or ~> 1.7.0", [hex: :phoenix, repo: "hexpm", optional: false]}, {:phoenix_html, "~> 3.3 or ~> 4.0", [hex: :phoenix_html, repo: "hexpm", optional: false]}, {:phoenix_template, "~> 1.0", [hex: :phoenix_template, repo: "hexpm", optional: false]}, {:phoenix_view, "~> 2.0", [hex: :phoenix_view, repo: "hexpm", optional: true]}, {:plug, "~> 1.15", [hex: :plug, repo: "hexpm", optional: false]}, {:telemetry, "~> 0.4.2 or ~> 1.0", [hex: :telemetry, repo: "hexpm", optional: false]}], "hexpm", "a61d741ffb78c85fdbca0de084da6a48f8ceb5261a79165b5a0b59e5f65ce98b"},
  "phoenix_pubsub": {:hex, :phoenix_pubsub, "2.1.3", "3168d78ba41835aecad272d5e8cd51aa87a7ac9eb836eabc42f6e57538e3731d", [:mix], [], "hexpm", "bba06bc1dcfd8cb086759f0edc94a8ba2bc8896d5331a1e2c2902bf8e36ee502"},
  "phoenix_template": {:hex, :phoenix_template, "1.0.4", "e2092c132f3b5e5b2d49c96695342eb36d0ed514c5b252a77048d5969330d639", [:mix], [{:phoenix_html, "~> 2.14.2 or ~> 3.0 or ~> 4.0", [hex: :phoenix_html, repo: "hexpm", optional: true]}], "hexpm", "2c0c81f0e5c6753faf5cca2f229c9709919aba34fab866d3bc05060c9c444206"},
  "phoenix_view": {:hex, :phoenix_view, "2.0.4", "b45c9d9cf15b3a1af5fb555c674b525391b6a1fe975f040fb4d913397b31abf4", [:mix], [{:phoenix_html, "~> 2.14.2 or ~> 3.0 or ~> 4.0", [hex: :phoenix_html, repo: "hexpm", optional: true]}, {:phoenix_template, "~> 1.0", [hex: :phoenix_template, repo: "hexpm", optional: false]}], "hexpm", "4e992022ce14f31fe57335db27a28154afcc94e9983266835bb3040243eb620b"},
  "plug": {:hex, :plug, "1.16.1", "40c74619c12f82736d2214557dedec2e9762029b2438d6d175c5074c933edc9d", [:mix], [{:mime, "~> 1.0 or ~> 2.0", [hex: :mime, repo: "hexpm", optional: false]}, {:plug_crypto, "~> 1.1.1 or ~> 1.2 or ~> 2.0", [hex: :plug_crypto, repo: "hexpm", optional: false]}, {:telemetry, "~> 0.4.3 or ~> 1.0", [hex: :telemetry, repo: "hexpm", optional: false]}], "hexpm", "a13ff6b9006b03d7e33874945b2755253841b238c34071ed85b0e86057f8cddc"},
  "plug_cowboy": {:hex, :plug_cowboy, "2.7.2", "fdadb973799ae691bf9ecad99125b16625b1c6039999da5fe544d99218e662e4", [:mix], [{:cowboy, "~> 2.7", [hex: :cowboy, repo: "hexpm", optional: false]}, {:cowboy_telemetry, "~> 0.3", [hex: :cowboy_telemetry, repo: "hexpm", optional: false]}, {:plug, "~> 1.14", [hex: :plug, repo: "hexpm", optional: false]}], "hexpm", "245d8a11ee2306094840c000e8816f0cbed69a23fc0ac2bcf8d7835ae019bb2f"},
  "plug_crypto": {:hex, :plug_crypto, "2.1.0", "f44309c2b06d249c27c8d3f65cfe08158ade08418cf540fd4f72d4d6863abb7b", [:mix], [], "hexpm", "131216a4b030b8f8ce0f26038bc4421ae60e4bb95c5cf5395e1421437824c4fa"},
  "poolboy": {:hex, :poolboy, "1.5.2", "392b007a1693a64540cead79830443abf5762f5d30cf50bc95cb2c1aaafa006b", [:rebar3], [], "hexpm", "dad79704ce5440f3d5a3681c8590b9dc25d1a561e8f5a9c995281012860901e3"},
  "postgres_replication": {:git, "https://github.com/filipecabaco/postgres_replication.git", "69129221f0263aa13faa5fbb8af97c28aeb4f71c", []},
  "postgrex": {:hex, :postgrex, "0.20.0", "363ed03ab4757f6bc47942eff7720640795eb557e1935951c1626f0d303a3aed", [:mix], [{:db_connection, "~> 2.1", [hex: :db_connection, repo: "hexpm", optional: false]}, {:decimal, "~> 1.5 or ~> 2.0", [hex: :decimal, repo: "hexpm", optional: false]}, {:jason, "~> 1.0", [hex: :jason, repo: "hexpm", optional: true]}, {:table, "~> 0.1.0", [hex: :table, repo: "hexpm", optional: true]}], "hexpm", "d36ef8b36f323d29505314f704e21a1a038e2dc387c6409ee0cd24144e187c0f"},
  "prom_ex": {:hex, :prom_ex, "1.9.0", "63e6dda6c05cdeec1f26c48443dcc38ffd2118b3665ae8d2bd0e5b79f2aea03e", [:mix], [{:absinthe, ">= 1.6.0", [hex: :absinthe, repo: "hexpm", optional: true]}, {:broadway, ">= 1.0.2", [hex: :broadway, repo: "hexpm", optional: true]}, {:ecto, ">= 3.5.0", [hex: :ecto, repo: "hexpm", optional: true]}, {:finch, "~> 0.15", [hex: :finch, repo: "hexpm", optional: false]}, {:jason, "~> 1.2", [hex: :jason, repo: "hexpm", optional: false]}, {:oban, ">= 2.4.0", [hex: :oban, repo: "hexpm", optional: true]}, {:octo_fetch, "~> 0.3", [hex: :octo_fetch, repo: "hexpm", optional: false]}, {:phoenix, ">= 1.5.0", [hex: :phoenix, repo: "hexpm", optional: true]}, {:phoenix_live_view, ">= 0.14.0", [hex: :phoenix_live_view, repo: "hexpm", optional: true]}, {:plug, ">= 1.12.1", [hex: :plug, repo: "hexpm", optional: true]}, {:plug_cowboy, "~> 2.5", [hex: :plug_cowboy, repo: "hexpm", optional: false]}, {:telemetry, ">= 1.0.0", [hex: :telemetry, repo: "hexpm", optional: false]}, {:telemetry_metrics, "~> 0.6", [hex: :telemetry_metrics, repo: "hexpm", optional: false]}, {:telemetry_metrics_prometheus_core, "~> 1.0", [hex: :telemetry_metrics_prometheus_core, repo: "hexpm", optional: false]}, {:telemetry_poller, "~> 1.0", [hex: :telemetry_poller, repo: "hexpm", optional: false]}], "hexpm", "01f3d4f69ec93068219e686cc65e58a29c42bea5429a8ff4e2121f19db178ee6"},
  "ranch": {:hex, :ranch, "2.2.0", "25528f82bc8d7c6152c57666ca99ec716510fe0925cb188172f41ce93117b1b0", [:make, :rebar3], [], "hexpm", "fa0b99a1780c80218a4197a59ea8d3bdae32fbff7e88527d7d8a4787eff4f8e7"},
  "recon": {:hex, :recon, "2.5.6", "9052588e83bfedfd9b72e1034532aee2a5369d9d9343b61aeb7fbce761010741", [:mix, :rebar3], [], "hexpm", "96c6799792d735cc0f0fd0f86267e9d351e63339cbe03df9d162010cefc26bb0"},
  "req": {:hex, :req, "0.5.10", "a3a063eab8b7510785a467f03d30a8d95f66f5c3d9495be3474b61459c54376c", [:mix], [{:brotli, "~> 0.3.1", [hex: :brotli, repo: "hexpm", optional: true]}, {:ezstd, "~> 1.0", [hex: :ezstd, repo: "hexpm", optional: true]}, {:finch, "~> 0.17", [hex: :finch, repo: "hexpm", optional: false]}, {:jason, "~> 1.0", [hex: :jason, repo: "hexpm", optional: false]}, {:mime, "~> 2.0.6 or ~> 2.1", [hex: :mime, repo: "hexpm", optional: false]}, {:nimble_csv, "~> 1.0", [hex: :nimble_csv, repo: "hexpm", optional: true]}, {:plug, "~> 1.0", [hex: :plug, repo: "hexpm", optional: true]}], "hexpm", "8a604815743f8a2d3b5de0659fa3137fa4b1cffd636ecb69b30b2b9b2c2559be"},
  "sleeplocks": {:hex, :sleeplocks, "1.1.3", "96a86460cc33b435c7310dbd27ec82ca2c1f24ae38e34f8edde97f756503441a", [:rebar3], [], "hexpm", "d3b3958552e6eb16f463921e70ae7c767519ef8f5be46d7696cc1ed649421321"},
  "snabbkaffe": {:git, "https://github.com/kafka4beam/snabbkaffe", "b59298334ed349556f63405d1353184c63c66534", [tag: "1.0.10"]},
  "sobelow": {:hex, :sobelow, "0.13.0", "218afe9075904793f5c64b8837cc356e493d88fddde126a463839351870b8d1e", [:mix], [{:jason, "~> 1.0", [hex: :jason, repo: "hexpm", optional: false]}], "hexpm", "cd6e9026b85fc35d7529da14f95e85a078d9dd1907a9097b3ba6ac7ebbe34a0d"},
  "ssl_verify_fun": {:hex, :ssl_verify_fun, "1.1.7", "354c321cf377240c7b8716899e182ce4890c5938111a1296add3ec74cf1715df", [:make, :mix, :rebar3], [], "hexpm", "fe4c190e8f37401d30167c8c405eda19469f34577987c76dde613e838bbc67f8"},
  "statistex": {:hex, :statistex, "1.0.0", "f3dc93f3c0c6c92e5f291704cf62b99b553253d7969e9a5fa713e5481cd858a5", [:mix], [], "hexpm", "ff9d8bee7035028ab4742ff52fc80a2aa35cece833cf5319009b52f1b5a86c27"},
  "syn": {:hex, :syn, "3.3.0", "4684a909efdfea35ce75a9662fc523e4a8a4e8169a3df275e4de4fa63f99c486", [:rebar3], [], "hexpm", "e58ee447bc1094bdd21bf0acc102b1fbf99541a508cd48060bf783c245eaf7d6"},
  "table_rex": {:hex, :table_rex, "4.1.0", "fbaa8b1ce154c9772012bf445bfb86b587430fb96f3b12022d3f35ee4a68c918", [:mix], [], "hexpm", "95932701df195d43bc2d1c6531178fc8338aa8f38c80f098504d529c43bc2601"},
  "tailwind": {:hex, :tailwind, "0.2.4", "5706ec47182d4e7045901302bf3a333e80f3d1af65c442ba9a9eed152fb26c2e", [:mix], [{:castore, ">= 0.0.0", [hex: :castore, repo: "hexpm", optional: false]}], "hexpm", "c6e4a82b8727bab593700c998a4d98cf3d8025678bfde059aed71d0000c3e463"},
  "telemetry": {:hex, :telemetry, "1.3.0", "fedebbae410d715cf8e7062c96a1ef32ec22e764197f70cda73d82778d61e7a2", [:rebar3], [], "hexpm", "7015fc8919dbe63764f4b4b87a95b7c0996bd539e0d499be6ec9d7f3875b79e6"},
  "telemetry_metrics": {:hex, :telemetry_metrics, "0.6.2", "2caabe9344ec17eafe5403304771c3539f3b6e2f7fb6a6f602558c825d0d0bfb", [:mix], [{:telemetry, "~> 0.4 or ~> 1.0", [hex: :telemetry, repo: "hexpm", optional: false]}], "hexpm", "9b43db0dc33863930b9ef9d27137e78974756f5f198cae18409970ed6fa5b561"},
  "telemetry_metrics_prometheus_core": {:hex, :telemetry_metrics_prometheus_core, "1.2.1", "c9755987d7b959b557084e6990990cb96a50d6482c683fb9622a63837f3cd3d8", [:mix], [{:telemetry, "~> 0.4 or ~> 1.0", [hex: :telemetry, repo: "hexpm", optional: false]}, {:telemetry_metrics, "~> 0.6 or ~> 1.0", [hex: :telemetry_metrics, repo: "hexpm", optional: false]}], "hexpm", "5e2c599da4983c4f88a33e9571f1458bf98b0cf6ba930f1dc3a6e8cf45d5afb6"},
  "telemetry_poller": {:hex, :telemetry_poller, "1.1.0", "58fa7c216257291caaf8d05678c8d01bd45f4bdbc1286838a28c4bb62ef32999", [:rebar3], [{:telemetry, "~> 1.0", [hex: :telemetry, repo: "hexpm", optional: false]}], "hexpm", "9eb9d9cbfd81cbd7cdd24682f8711b6e2b691289a0de6826e58452f28c103c8f"},
  "tesla": {:hex, :tesla, "1.13.2", "85afa342eb2ac0fee830cf649dbd19179b6b359bec4710d02a3d5d587f016910", [:mix], [{:castore, "~> 0.1 or ~> 1.0", [hex: :castore, repo: "hexpm", optional: true]}, {:exjsx, ">= 3.0.0", [hex: :exjsx, repo: "hexpm", optional: true]}, {:finch, "~> 0.13", [hex: :finch, repo: "hexpm", optional: true]}, {:fuse, "~> 2.4", [hex: :fuse, repo: "hexpm", optional: true]}, {:gun, ">= 1.0.0", [hex: :gun, repo: "hexpm", optional: true]}, {:hackney, "~> 1.6", [hex: :hackney, repo: "hexpm", optional: true]}, {:ibrowse, "4.4.2", [hex: :ibrowse, repo: "hexpm", optional: true]}, {:jason, ">= 1.0.0", [hex: :jason, repo: "hexpm", optional: true]}, {:mime, "~> 1.0 or ~> 2.0", [hex: :mime, repo: "hexpm", optional: false]}, {:mint, "~> 1.0", [hex: :mint, repo: "hexpm", optional: true]}, {:mox, "~> 1.0", [hex: :mox, repo: "hexpm", optional: true]}, {:msgpax, "~> 2.3", [hex: :msgpax, repo: "hexpm", optional: true]}, {:poison, ">= 1.0.0", [hex: :poison, repo: "hexpm", optional: true]}, {:telemetry, "~> 0.4 or ~> 1.0", [hex: :telemetry, repo: "hexpm", optional: true]}], "hexpm", "960609848f1ef654c3cdfad68453cd84a5febecb6ed9fed9416e36cd9cd724f9"},
  "tls_certificate_check": {:hex, :tls_certificate_check, "1.28.0", "c39bf21f67c2d124ae905454fad00f27e625917e8ab1009146e916e1df6ab275", [:rebar3], [{:ssl_verify_fun, "~> 1.1", [hex: :ssl_verify_fun, repo: "hexpm", optional: false]}], "hexpm", "3ab058c3f9457fffca916729587415f0ddc822048a0e5b5e2694918556d92df1"},
  "typed_struct": {:hex, :typed_struct, "0.3.0", "939789e3c1dca39d7170c87f729127469d1315dcf99fee8e152bb774b17e7ff7", [:mix], [], "hexpm", "c50bd5c3a61fe4e198a8504f939be3d3c85903b382bde4865579bc23111d1b6d"},
  "unsafe": {:hex, :unsafe, "1.0.2", "23c6be12f6c1605364801f4b47007c0c159497d0446ad378b5cf05f1855c0581", [:mix], [], "hexpm", "b485231683c3ab01a9cd44cb4a79f152c6f3bb87358439c6f68791b85c2df675"},
  "uuid": {:hex, :uuid, "1.1.8", "e22fc04499de0de3ed1116b770c7737779f226ceefa0badb3592e64d5cfb4eb9", [:mix], [], "hexpm", "c790593b4c3b601f5dc2378baae7efaf5b3d73c4c6456ba85759905be792f2ac"},
  "websock": {:hex, :websock, "0.5.3", "2f69a6ebe810328555b6fe5c831a851f485e303a7c8ce6c5f675abeb20ebdadc", [:mix], [], "hexpm", "6105453d7fac22c712ad66fab1d45abdf049868f253cf719b625151460b8b453"},
  "websock_adapter": {:hex, :websock_adapter, "0.5.8", "3b97dc94e407e2d1fc666b2fb9acf6be81a1798a2602294aac000260a7c4a47d", [:mix], [{:bandit, ">= 0.6.0", [hex: :bandit, repo: "hexpm", optional: true]}, {:plug, "~> 1.14", [hex: :plug, repo: "hexpm", optional: false]}, {:plug_cowboy, "~> 2.6", [hex: :plug_cowboy, repo: "hexpm", optional: true]}, {:websock, "~> 0.5", [hex: :websock, repo: "hexpm", optional: false]}], "hexpm", "315b9a1865552212b5f35140ad194e67ce31af45bcee443d4ecb96b5fd3f3782"},
  "yamerl": {:hex, :yamerl, "0.10.0", "4ff81fee2f1f6a46f1700c0d880b24d193ddb74bd14ef42cb0bcf46e81ef2f8e", [:rebar3], [], "hexpm", "346adb2963f1051dc837a2364e4acf6eb7d80097c0f53cbdc3046ec8ec4b4e6e"},
  "yaml_elixir": {:hex, :yaml_elixir, "2.11.0", "9e9ccd134e861c66b84825a3542a1c22ba33f338d82c07282f4f1f52d847bd50", [:mix], [{:yamerl, "~> 0.10", [hex: :yamerl, repo: "hexpm", optional: false]}], "hexpm", "53cc28357ee7eb952344995787f4bb8cc3cecbf189652236e9b163e8ce1bc242"},
}
