{
  "name": "assets",
  "lockfileVersion": 3,
  "requires": true,
  "packages": {
    "": {
      "dependencies": {
        "@supabase/supabase-js": "2.110.7"
      }
    },
    "node_modules/@supabase/auth-js": {
      "version": "2.110.7",
      "resolved": "https://registry.npmjs.org/@supabase/auth-js/-/auth-js-2.110.7.tgz",
      "integrity": "sha512-M5Bpl4hCv6kHcOO/xM06Dyfg1mYLHljMkp1plhzG9IRZPc3czvyMsSN1XpL5+GKisOKM3lSN59zhpcm6sMVXfA==",
      "license": "MIT",
      "dependencies": {
        "tslib": "2.8.1"
      },
      "engines": {
        "node": ">=22.0.0"
      }
    },
    "node_modules/@supabase/functions-js": {
      "version": "2.110.7",
      "resolved": "https://registry.npmjs.org/@supabase/functions-js/-/functions-js-2.110.7.tgz",
      "integrity": "sha512-megYmexlYEoR/0qlsr4Snh9wtzAodO7MAri3NMevZrXzNvQRKlvmTcSBoKGLQEPDakgDZMqbMdf9DwoZz6qfoA==",
      "license": "MIT",
      "dependencies": {
        "tslib": "2.8.1"
      },
      "engines": {
        "node": ">=22.0.0"
      }
    },
    "node_modules/@supabase/phoenix": {
      "version": "0.4.5",
      "resolved": "https://registry.npmjs.org/@supabase/phoenix/-/phoenix-0.4.5.tgz",
      "integrity": "sha512-aAn9H9ovVyeApKy11OWOrrOGq8DV68yWeH4ud2lN9fzn4aO8Zb5GLL9m1pUg9nLqIcT+ZDfAcsZe0E/nqdv2lw==",
      "license": "MIT"
    },
    "node_modules/@supabase/postgrest-js": {
      "version": "2.110.7",
      "resolved": "https://registry.npmjs.org/@supabase/postgrest-js/-/postgrest-js-2.110.7.tgz",
      "integrity": "sha512-ban6YV0djhVaqVYezlOARKLIuOBSvLLhyQVZjA2nxPrtswhxHCl1+gI4giFgI9ATQAaMNbUZb4JXiuL5lEA/5g==",
      "license": "MIT",
      "dependencies": {
        "tslib": "2.8.1"
      },
      "engines": {
        "node": ">=22.0.0"
      }
    },
    "node_modules/@supabase/realtime-js": {
      "version": "2.110.7",
      "resolved": "https://registry.npmjs.org/@supabase/realtime-js/-/realtime-js-2.110.7.tgz",
      "integrity": "sha512-AMtZjyFA2gsmjuxopPNS/sRznLQHG0Ht5x+ytTPTOh3vAcOTUlVRLx7gW4/CONNnbb3PKOkE+HmM35HOSbmomQ==",
      "license": "MIT",
      "dependencies": {
        "@supabase/phoenix": "0.4.5",
        "tslib": "2.8.1"
      },
      "engines": {
        "node": ">=22.0.0"
      }
    },
    "node_modules/@supabase/storage-js": {
      "version": "2.110.7",
      "resolved": "https://registry.npmjs.org/@supabase/storage-js/-/storage-js-2.110.7.tgz",
      "integrity": "sha512-2tcDE8cjEDy1uKxKavBpKQod1JdMV1jDXQag48TCa+kycmJOltc0yVabC0BUlhOwAl6WykXU2aOsH3ELMtZrmQ==",
      "license": "MIT",
      "dependencies": {
        "iceberg-js": "^0.8.1",
        "tslib": "2.8.1"
      },
      "engines": {
        "node": ">=22.0.0"
      }
    },
    "node_modules/@supabase/supabase-js": {
      "version": "2.110.7",
      "resolved": "https://registry.npmjs.org/@supabase/supabase-js/-/supabase-js-2.110.7.tgz",
      "integrity": "sha512-AnfO3A230Shy6RMO7cya3Wl1OcXnABJrzH8vP+fY7/RFjhzcchB7DjKkkTIAntlwekD+GkSFzEvt2tC+D4Fp8w==",
      "license": "MIT",
      "dependencies": {
        "@supabase/auth-js": "2.110.7",
        "@supabase/functions-js": "2.110.7",
        "@supabase/postgrest-js": "2.110.7",
        "@supabase/realtime-js": "2.110.7",
        "@supabase/storage-js": "2.110.7"
      },
      "engines": {
        "node": ">=22.0.0"
      }
    },
    "node_modules/iceberg-js": {
      "version": "0.8.1",
      "resolved": "https://registry.npmjs.org/iceberg-js/-/iceberg-js-0.8.1.tgz",
      "integrity": "sha512-1dhVQZXhcHje7798IVM+xoo/1ZdVfzOMIc8/rgVSijRK38EDqOJoGula9N/8ZI5RD8QTxNQtK/Gozpr+qUqRRA==",
      "license": "MIT",
      "engines": {
        "node": ">=20.0.0"
      }
    },
    "node_modules/tslib": {
      "version": "2.8.1",
      "resolved": "https://registry.npmjs.org/tslib/-/tslib-2.8.1.tgz",
      "integrity": "sha512-oJFu94HQb+KVduSUQL7wnpmqnfmLsOA/nAh6b6EH0wCEoK0/mPeXU6c3wKDV83MkOuHPRHtSXKKU99IBazS/2w==",
      "license": "0BSD"
    }
  }
}
