{
  "name": "assets",
  "lockfileVersion": 3,
  "requires": true,
  "packages": {
    "": {
      "dependencies": {
        "@supabase/supabase-js": "2.110.3"
      }
    },
    "node_modules/@supabase/auth-js": {
      "version": "2.110.3",
      "resolved": "https://registry.npmjs.org/@supabase/auth-js/-/auth-js-2.110.3.tgz",
      "integrity": "sha512-aUPKlhOtJtH04sVcppDKeOlgIw28aQ4NqtnhwlkmbIbqNACpH5By+PNJyhiHkY17tBWGID70GIaQ96Fi8M/h8A==",
      "license": "MIT",
      "dependencies": {
        "tslib": "2.8.1"
      },
      "engines": {
        "node": ">=22.0.0"
      }
    },
    "node_modules/@supabase/functions-js": {
      "version": "2.110.3",
      "resolved": "https://registry.npmjs.org/@supabase/functions-js/-/functions-js-2.110.3.tgz",
      "integrity": "sha512-jT4kLSRuKVYGt/xY1z1N1HSuq5DeCZHIHkDsChaqcBRUDcDIG2VhPHeD0FbP+AwMy+KpGw7KfZ6jICdWlN+mmQ==",
      "license": "MIT",
      "dependencies": {
        "tslib": "2.8.1"
      },
      "engines": {
        "node": ">=22.0.0"
      }
    },
    "node_modules/@supabase/phoenix": {
      "version": "0.4.4",
      "resolved": "https://registry.npmjs.org/@supabase/phoenix/-/phoenix-0.4.4.tgz",
      "integrity": "sha512-Gt0pqoXuIqX/8dvG0OKp/wMCobXNH3klNbUPBNyOfN0YA1IswrM3HyWFMOPk1Jy+BRaIyDPcFx4jLBwHNmlyfQ==",
      "license": "MIT"
    },
    "node_modules/@supabase/postgrest-js": {
      "version": "2.110.3",
      "resolved": "https://registry.npmjs.org/@supabase/postgrest-js/-/postgrest-js-2.110.3.tgz",
      "integrity": "sha512-YLxqxmz8Ug350yRh18ULsxj26xFu8LEx2YQ32RzwO2SLAZWCKwyxTiEXDl4ZjmDz7Fp23kjPCNzTfjHTcT5DWw==",
      "license": "MIT",
      "dependencies": {
        "tslib": "2.8.1"
      },
      "engines": {
        "node": ">=22.0.0"
      }
    },
    "node_modules/@supabase/realtime-js": {
      "version": "2.110.3",
      "resolved": "https://registry.npmjs.org/@supabase/realtime-js/-/realtime-js-2.110.3.tgz",
      "integrity": "sha512-CVVoUWLqdQz4Uh/gg6mS9hmrnG2T/TIjgD8cCcn2W/MIFvypW5jXtUz8shEZToyHLpCWedKyeawVDgJF7JswVA==",
      "license": "MIT",
      "dependencies": {
        "@supabase/phoenix": "0.4.4",
        "tslib": "2.8.1"
      },
      "engines": {
        "node": ">=22.0.0"
      }
    },
    "node_modules/@supabase/storage-js": {
      "version": "2.110.3",
      "resolved": "https://registry.npmjs.org/@supabase/storage-js/-/storage-js-2.110.3.tgz",
      "integrity": "sha512-cslrXLgHGupTh6HTripRMxw70IDy0JD2hTiJg6oqP3hlQPBumLy8RoALycdBgocvq8ZhakYOZZWJZb1YPiEMtg==",
      "license": "MIT",
      "dependencies": {
        "iceberg-js": "^0.8.1",
        "tslib": "2.8.1"
      },
      "engines": {
        "node": ">=22.0.0"
      }
    },
    "node_modules/@supabase/supabase-js": {
      "version": "2.110.3",
      "resolved": "https://registry.npmjs.org/@supabase/supabase-js/-/supabase-js-2.110.3.tgz",
      "integrity": "sha512-Xg2dZas32iN0nvYjOEWjCP2oTSvQSnFqM6WJXhGI7Ue8HQ5IRuTmMZjThYxvqtAq1aUKBuiCxS9w0a8hJx4+lQ==",
      "license": "MIT",
      "dependencies": {
        "@supabase/auth-js": "2.110.3",
        "@supabase/functions-js": "2.110.3",
        "@supabase/postgrest-js": "2.110.3",
        "@supabase/realtime-js": "2.110.3",
        "@supabase/storage-js": "2.110.3"
      },
      "engines": {
        "node": ">=22.0.0"
      }
    },
    "node_modules/iceberg-js": {
      "version": "0.8.1",
      "resolved": "https://registry.npmjs.org/iceberg-js/-/iceberg-js-0.8.1.tgz",
      "integrity": "sha512-1dhVQZXhcHje7798IVM+xoo/1ZdVfzOMIc8/rgVSijRK38EDqOJoGula9N/8ZI5RD8QTxNQtK/Gozpr+qUqRRA==",
      "license": "MIT",
      "engines": {
        "node": ">=20.0.0"
      }
    },
    "node_modules/tslib": {
      "version": "2.8.1",
      "resolved": "https://registry.npmjs.org/tslib/-/tslib-2.8.1.tgz",
      "integrity": "sha512-oJFu94HQb+KVduSUQL7wnpmqnfmLsOA/nAh6b6EH0wCEoK0/mPeXU6c3wKDV83MkOuHPRHtSXKKU99IBazS/2w==",
      "license": "0BSD"
    }
  }
}
