{
  "name": "assets",
  "lockfileVersion": 3,
  "requires": true,
  "packages": {
    "": {
      "dependencies": {
        "@supabase/supabase-js": "2.109.0"
      }
    },
    "node_modules/@supabase/auth-js": {
      "version": "2.109.0",
      "resolved": "https://registry.npmjs.org/@supabase/auth-js/-/auth-js-2.109.0.tgz",
      "integrity": "sha512-krf61vksi92kEUYtNH70GnIMOoQqLBAKG2e3Aha4e/0uJA6i1OWCxL7WUGHo6c0Vu/w96Y1DdnkYz0NOg0kYog==",
      "license": "MIT",
      "dependencies": {
        "tslib": "2.8.1"
      },
      "engines": {
        "node": ">=20.0.0"
      }
    },
    "node_modules/@supabase/functions-js": {
      "version": "2.109.0",
      "resolved": "https://registry.npmjs.org/@supabase/functions-js/-/functions-js-2.109.0.tgz",
      "integrity": "sha512-IiwAspZrVrBRYQoFgSJvkcA9iJvTCw8nHOdvlKARDushlw/x1YY3YJYtwwgZFtl7utUbTiZ5SwohXPNgnpZM+g==",
      "license": "MIT",
      "dependencies": {
        "tslib": "2.8.1"
      },
      "engines": {
        "node": ">=20.0.0"
      }
    },
    "node_modules/@supabase/phoenix": {
      "version": "0.4.4",
      "resolved": "https://registry.npmjs.org/@supabase/phoenix/-/phoenix-0.4.4.tgz",
      "integrity": "sha512-Gt0pqoXuIqX/8dvG0OKp/wMCobXNH3klNbUPBNyOfN0YA1IswrM3HyWFMOPk1Jy+BRaIyDPcFx4jLBwHNmlyfQ==",
      "license": "MIT"
    },
    "node_modules/@supabase/postgrest-js": {
      "version": "2.109.0",
      "resolved": "https://registry.npmjs.org/@supabase/postgrest-js/-/postgrest-js-2.109.0.tgz",
      "integrity": "sha512-Xk4gzuzyrGIPWCUuJolDQS/9zdFZDEXRhNsVeOHEKwFr+vpNU0himsHtLOhSEYlyPqwmeY8LUCKL6bLsDp0ScA==",
      "license": "MIT",
      "dependencies": {
        "tslib": "2.8.1"
      },
      "engines": {
        "node": ">=20.0.0"
      }
    },
    "node_modules/@supabase/realtime-js": {
      "version": "2.109.0",
      "resolved": "https://registry.npmjs.org/@supabase/realtime-js/-/realtime-js-2.109.0.tgz",
      "integrity": "sha512-q9tjGUgWLNhfLz6HeYE7yl6FG9WEsnr6bFmmLpn2Nakxp3Z36pqI4xu0xns5/n8Xtq10HVcy9CRxOxgvviCM4Q==",
      "license": "MIT",
      "dependencies": {
        "@supabase/phoenix": "0.4.4",
        "tslib": "2.8.1"
      },
      "engines": {
        "node": ">=20.0.0"
      }
    },
    "node_modules/@supabase/storage-js": {
      "version": "2.109.0",
      "resolved": "https://registry.npmjs.org/@supabase/storage-js/-/storage-js-2.109.0.tgz",
      "integrity": "sha512-j119SdEuwrOPGqiPjshpfovrQPFqeATKg990jNV88Ie+SEufznzVD2mL5kQvly+z2oVBeZn+pweU0QN/OYLmJw==",
      "license": "MIT",
      "dependencies": {
        "iceberg-js": "^0.8.1",
        "tslib": "2.8.1"
      },
      "engines": {
        "node": ">=20.0.0"
      }
    },
    "node_modules/@supabase/supabase-js": {
      "version": "2.109.0",
      "resolved": "https://registry.npmjs.org/@supabase/supabase-js/-/supabase-js-2.109.0.tgz",
      "integrity": "sha512-eNpUGegTT3hhoTK9j6aLViVjybYtdq6Ishb4BkVLi5tT58S1D80n7dmALMoBWkbrYG4uQv30c8iAB6nZylX0Fg==",
      "license": "MIT",
      "dependencies": {
        "@supabase/auth-js": "2.109.0",
        "@supabase/functions-js": "2.109.0",
        "@supabase/postgrest-js": "2.109.0",
        "@supabase/realtime-js": "2.109.0",
        "@supabase/storage-js": "2.109.0"
      },
      "engines": {
        "node": ">=20.0.0"
      }
    },
    "node_modules/iceberg-js": {
      "version": "0.8.1",
      "resolved": "https://registry.npmjs.org/iceberg-js/-/iceberg-js-0.8.1.tgz",
      "integrity": "sha512-1dhVQZXhcHje7798IVM+xoo/1ZdVfzOMIc8/rgVSijRK38EDqOJoGula9N/8ZI5RD8QTxNQtK/Gozpr+qUqRRA==",
      "license": "MIT",
      "engines": {
        "node": ">=20.0.0"
      }
    },
    "node_modules/tslib": {
      "version": "2.8.1",
      "resolved": "https://registry.npmjs.org/tslib/-/tslib-2.8.1.tgz",
      "integrity": "sha512-oJFu94HQb+KVduSUQL7wnpmqnfmLsOA/nAh6b6EH0wCEoK0/mPeXU6c3wKDV83MkOuHPRHtSXKKU99IBazS/2w==",
      "license": "0BSD"
    }
  }
}
